
Microsoft Visual Studio Solution File, Format Version 12.00
# Visual Studio Version 16
VisualStudioVersion = 16.6.30114.105
MinimumVisualStudioVersion = 10.0.40219.1
Project("{FAE04EC0-301F-11D3-BF4B-00C04F79EFBC}") = "Byndyusoft.MaskedLogging.Newtonsoft", "src\Byndyusoft.MaskedLogging.Newtonsoft\Byndyusoft.MaskedLogging.Newtonsoft.csproj", "{8DD6251B-2EF7-4CBF-BEF2-6EB1822F6FB1}"
EndProject
Project("{2150E333-8FDC-42A3-9474-1A3956D46DE8}") = "src", "src", "{7DFADE30-9D91-4D15-AA59-A09749735C09}"
EndProject
Project("{2150E333-8FDC-42A3-9474-1A3956D46DE8}") = "tests", "tests", "{092F3EF0-9D05-4347-A629-9374F65A7998}"
EndProject
Project("{2150E333-8FDC-42A3-9474-1A3956D46DE8}") = "Solution Items", "Solution Items", "{6A3FC7CB-FDDE-480A-8103-0CF82F2811BE}"
	ProjectSection(SolutionItems) = preProject
		.gitignore = .gitignore
		CONTRIBUTING.md = CONTRIBUTING.md
		Directory.Build.props = Directory.Build.props
		icon.png = icon.png
		LICENSE.txt = LICENSE.txt
		README.md = README.md
	EndProjectSection
EndProject
Project("{FAE04EC0-301F-11D3-BF4B-00C04F79EFBC}") = "Byndyusoft.MaskedLogging.UnitTests", "tests\Byndyusoft.MaskedLogging.UnitTests\Byndyusoft.MaskedLogging.UnitTests.csproj", "{A2C794A0-5087-4F06-88B3-929DA5C59398}"
EndProject
Project("{2150E333-8FDC-42A3-9474-1A3956D46DE8}") = "github", "github", "{0013E690-82EC-442F-B4FD-782CAD4C1BD8}"
EndProject
Project("{2150E333-8FDC-42A3-9474-1A3956D46DE8}") = "workflows", "workflows", "{8C294F6B-07F9-4E1D-8BA1-68F692080E39}"
	ProjectSection(SolutionItems) = preProject
		.github\workflows\pull-request.yml = .github\workflows\pull-request.yml
		.github\workflows\push.yml = .github\workflows\push.yml
		.github\workflows\release.yml = .github\workflows\release.yml
	EndProjectSection
EndProject
Global
	GlobalSection(SolutionConfigurationPlatforms) = preSolution
		Debug|Any CPU = Debug|Any CPU
		Debug|x64 = Debug|x64
		Debug|x86 = Debug|x86
		Release|Any CPU = Release|Any CPU
		Release|x64 = Release|x64
		Release|x86 = Release|x86
	EndGlobalSection
	GlobalSection(ProjectConfigurationPlatforms) = postSolution
		{8DD6251B-2EF7-4CBF-BEF2-6EB1822F6FB1}.Debug|Any CPU.ActiveCfg = Debug|Any CPU
		{8DD6251B-2EF7-4CBF-BEF2-6EB1822F6FB1}.Debug|Any CPU.Build.0 = Debug|Any CPU
		{8DD6251B-2EF7-4CBF-BEF2-6EB1822F6FB1}.Debug|x64.ActiveCfg = Debug|Any CPU
		{8DD6251B-2EF7-4CBF-BEF2-6EB1822F6FB1}.Debug|x64.Build.0 = Debug|Any CPU
		{8DD6251B-2EF7-4CBF-BEF2-6EB1822F6FB1}.Debug|x86.ActiveCfg = Debug|Any CPU
		{8DD6251B-2EF7-4CBF-BEF2-6EB1822F6FB1}.Debug|x86.Build.0 = Debug|Any CPU
		{8DD6251B-2EF7-4CBF-BEF2-6EB1822F6FB1}.Release|Any CPU.ActiveCfg = Release|Any CPU
		{8DD6251B-2EF7-4CBF-BEF2-6EB1822F6FB1}.Release|Any CPU.Build.0 = Release|Any CPU
		{8DD6251B-2EF7-4CBF-BEF2-6EB1822F6FB1}.Release|x64.ActiveCfg = Release|Any CPU
		{8DD6251B-2EF7-4CBF-BEF2-6EB1822F6FB1}.Release|x64.Build.0 = Release|Any CPU
		{8DD6251B-2EF7-4CBF-BEF2-6EB1822F6FB1}.Release|x86.ActiveCfg = Release|Any CPU
		{8DD6251B-2EF7-4CBF-BEF2-6EB1822F6FB1}.Release|x86.Build.0 = Release|Any CPU
		{A2C794A0-5087-4F06-88B3-929DA5C59398}.Debug|Any CPU.ActiveCfg = Debug|Any CPU
		{A2C794A0-5087-4F06-88B3-929DA5C59398}.Debug|Any CPU.Build.0 = Debug|Any CPU
		{A2C794A0-5087-4F06-88B3-929DA5C59398}.Debug|x64.ActiveCfg = Debug|Any CPU
		{A2C794A0-5087-4F06-88B3-929DA5C59398}.Debug|x64.Build.0 = Debug|Any CPU
		{A2C794A0-5087-4F06-88B3-929DA5C59398}.Debug|x86.ActiveCfg = Debug|Any CPU
		{A2C794A0-5087-4F06-88B3-929DA5C59398}.Debug|x86.Build.0 = Debug|Any CPU
		{A2C794A0-5087-4F06-88B3-929DA5C59398}.Release|Any CPU.ActiveCfg = Release|Any CPU
		{A2C794A0-5087-4F06-88B3-929DA5C59398}.Release|Any CPU.Build.0 = Release|Any CPU
		{A2C794A0-5087-4F06-88B3-929DA5C59398}.Release|x64.ActiveCfg = Release|Any CPU
		{A2C794A0-5087-4F06-88B3-929DA5C59398}.Release|x64.Build.0 = Release|Any CPU
		{A2C794A0-5087-4F06-88B3-929DA5C59398}.Release|x86.ActiveCfg = Release|Any CPU
		{A2C794A0-5087-4F06-88B3-929DA5C59398}.Release|x86.Build.0 = Release|Any CPU
	EndGlobalSection
	GlobalSection(SolutionProperties) = preSolution
		HideSolutionNode = FALSE
	EndGlobalSection
	GlobalSection(NestedProjects) = preSolution
		{8DD6251B-2EF7-4CBF-BEF2-6EB1822F6FB1} = {7DFADE30-9D91-4D15-AA59-A09749735C09}
		{A2C794A0-5087-4F06-88B3-929DA5C59398} = {092F3EF0-9D05-4347-A629-9374F65A7998}
		{8C294F6B-07F9-4E1D-8BA1-68F692080E39} = {0013E690-82EC-442F-B4FD-782CAD4C1BD8}
	EndGlobalSection
	GlobalSection(ExtensibilityGlobals) = postSolution
		SolutionGuid = {C0273047-5443-40B3-9F30-4605C9CAB6F7}
	EndGlobalSection
EndGlobal
